{
  "ts": "2026-02-17T22:00:22.672367+00:00",
  "pid": 784209,
  "repo_root": "/home/azureuser/repos/projects/QuantAgent",
  "argv": [
    "/home/azureuser/repos/agents/autodev-runner/scripts/dev_orchestrator.py",
    "--repo-root",
    "/home/azureuser/repos/projects/QuantAgent",
    "--limit",
    "5",
    "--openclaw-local",
    "--openclaw-agent",
    "autodev"
  ],
  "log": "/home/azureuser/repos/projects/QuantAgent/.openclaw/logs/orchestrator-20260217T220022Z.jsonl"
}
